
Microsoft Visual Studio Solution File, Format Version 12.00
# Visual Studio Version 17
VisualStudioVersion = 17.13.35913.81
MinimumVisualStudioVersion = 10.0.40219.1
Project("{FAE04EC0-301F-11D3-BF4B-00C04F79EFBC}") = "Finance.Domain", "Finance.Domain\Finance.Domain.csproj", "{5C2F33C7-88A8-46AB-9814-468CC14F42DC}"
EndProject
Project("{FAE04EC0-301F-11D3-BF4B-00C04F79EFBC}") = "Finance.Application", "Finance.Application\Finance.Application.csproj", "{30412FAD-CD46-48B0-9503-CD2ED878ABB5}"
EndProject
Project("{FAE04EC0-301F-11D3-BF4B-00C04F79EFBC}") = "Finance.Infrastructure", "Finance.Infrastructure\Finance.Infrastructure.csproj", "{4ECD5D06-54D2-494B-B8C0-4C7AE021B112}"
EndProject
Project("{FAE04EC0-301F-11D3-BF4B-00C04F79EFBC}") = "Finance.Api", "Finance.Api\Finance.Api.csproj", "{538343CF-5761-4F0C-95D4-E2B2B8A89242}"
EndProject
Project("{FAE04EC0-301F-11D3-BF4B-00C04F79EFBC}") = "Finance.Web", "Finance.Web\Finance.Web.csproj", "{7B54F781-A0E2-4B5E-9FBE-4EC4B2D3A378}"
EndProject
Project("{FAE04EC0-301F-11D3-BF4B-00C04F79EFBC}") = "Finance.Contracts", "Finance.Contracts\Finance.Contracts.csproj", "{0DA20E45-E08B-4960-9453-B0663E0E672C}"
EndProject
Project("{FAE04EC0-301F-11D3-BF4B-00C04F79EFBC}") = "Finance.Api.Tests", "Finance.Api.Tests\Finance.Api.Tests.csproj", "{84A4CE82-7BBC-499B-9D02-1F267FFBFA63}"
EndProject
Project("{FAE04EC0-301F-11D3-BF4B-00C04F79EFBC}") = "Finance.Application.Tests", "Finance.Application.Tests\Finance.Application.Tests.csproj", "{BFE8E239-1914-4898-A9F4-9ECD587379BA}"
EndProject
Project("{FAE04EC0-301F-11D3-BF4B-00C04F79EFBC}") = "Finance.Infrastructure.Tests", "Finance.Infrastructure.Tests\Finance.Infrastructure.Tests.csproj", "{CC45E253-7215-4EBF-A3FE-A3F9557C60E1}"
EndProject
Project("{FAE04EC0-301F-11D3-BF4B-00C04F79EFBC}") = "Finance.Domain.Tests", "Finance.Domain.Tests\Finance.Domain.Tests.csproj", "{AE108DEA-A94C-4B42-82C0-BD6BAAB948C6}"
EndProject
Project("{FAE04EC0-301F-11D3-BF4B-00C04F79EFBC}") = "Finance.Web.Tests", "Finance.Web.Tests\Finance.Web.Tests.csproj", "{DAEFFA04-3D81-42B9-9EB4-531572C3D82A}"
EndProject
Global
	GlobalSection(SolutionConfigurationPlatforms) = preSolution
		Debug|Any CPU = Debug|Any CPU
		Debug|x64 = Debug|x64
		Debug|x86 = Debug|x86
		Release|Any CPU = Release|Any CPU
		Release|x64 = Release|x64
		Release|x86 = Release|x86
	EndGlobalSection
	GlobalSection(ProjectConfigurationPlatforms) = postSolution
		{5C2F33C7-88A8-46AB-9814-468CC14F42DC}.Debug|Any CPU.ActiveCfg = Debug|Any CPU
		{5C2F33C7-88A8-46AB-9814-468CC14F42DC}.Debug|Any CPU.Build.0 = Debug|Any CPU
		{5C2F33C7-88A8-46AB-9814-468CC14F42DC}.Debug|x64.ActiveCfg = Debug|Any CPU
		{5C2F33C7-88A8-46AB-9814-468CC14F42DC}.Debug|x64.Build.0 = Debug|Any CPU
		{5C2F33C7-88A8-46AB-9814-468CC14F42DC}.Debug|x86.ActiveCfg = Debug|Any CPU
		{5C2F33C7-88A8-46AB-9814-468CC14F42DC}.Debug|x86.Build.0 = Debug|Any CPU
		{5C2F33C7-88A8-46AB-9814-468CC14F42DC}.Release|Any CPU.ActiveCfg = Release|Any CPU
		{5C2F33C7-88A8-46AB-9814-468CC14F42DC}.Release|Any CPU.Build.0 = Release|Any CPU
		{5C2F33C7-88A8-46AB-9814-468CC14F42DC}.Release|x64.ActiveCfg = Release|Any CPU
		{5C2F33C7-88A8-46AB-9814-468CC14F42DC}.Release|x64.Build.0 = Release|Any CPU
		{5C2F33C7-88A8-46AB-9814-468CC14F42DC}.Release|x86.ActiveCfg = Release|Any CPU
		{5C2F33C7-88A8-46AB-9814-468CC14F42DC}.Release|x86.Build.0 = Release|Any CPU
		{30412FAD-CD46-48B0-9503-CD2ED878ABB5}.Debug|Any CPU.ActiveCfg = Debug|Any CPU
		{30412FAD-CD46-48B0-9503-CD2ED878ABB5}.Debug|Any CPU.Build.0 = Debug|Any CPU
		{30412FAD-CD46-48B0-9503-CD2ED878ABB5}.Debug|x64.ActiveCfg = Debug|Any CPU
		{30412FAD-CD46-48B0-9503-CD2ED878ABB5}.Debug|x64.Build.0 = Debug|Any CPU
		{30412FAD-CD46-48B0-9503-CD2ED878ABB5}.Debug|x86.ActiveCfg = Debug|Any CPU
		{30412FAD-CD46-48B0-9503-CD2ED878ABB5}.Debug|x86.Build.0 = Debug|Any CPU
		{30412FAD-CD46-48B0-9503-CD2ED878ABB5}.Release|Any CPU.ActiveCfg = Release|Any CPU
		{30412FAD-CD46-48B0-9503-CD2ED878ABB5}.Release|Any CPU.Build.0 = Release|Any CPU
		{30412FAD-CD46-48B0-9503-CD2ED878ABB5}.Release|x64.ActiveCfg = Release|Any CPU
		{30412FAD-CD46-48B0-9503-CD2ED878ABB5}.Release|x64.Build.0 = Release|Any CPU
		{30412FAD-CD46-48B0-9503-CD2ED878ABB5}.Release|x86.ActiveCfg = Release|Any CPU
		{30412FAD-CD46-48B0-9503-CD2ED878ABB5}.Release|x86.Build.0 = Release|Any CPU
		{4ECD5D06-54D2-494B-B8C0-4C7AE021B112}.Debug|Any CPU.ActiveCfg = Debug|Any CPU
		{4ECD5D06-54D2-494B-B8C0-4C7AE021B112}.Debug|Any CPU.Build.0 = Debug|Any CPU
		{4ECD5D06-54D2-494B-B8C0-4C7AE021B112}.Debug|x64.ActiveCfg = Debug|Any CPU
		{4ECD5D06-54D2-494B-B8C0-4C7AE021B112}.Debug|x64.Build.0 = Debug|Any CPU
		{4ECD5D06-54D2-494B-B8C0-4C7AE021B112}.Debug|x86.ActiveCfg = Debug|Any CPU
		{4ECD5D06-54D2-494B-B8C0-4C7AE021B112}.Debug|x86.Build.0 = Debug|Any CPU
		{4ECD5D06-54D2-494B-B8C0-4C7AE021B112}.Release|Any CPU.ActiveCfg = Release|Any CPU
		{4ECD5D06-54D2-494B-B8C0-4C7AE021B112}.Release|Any CPU.Build.0 = Release|Any CPU
		{4ECD5D06-54D2-494B-B8C0-4C7AE021B112}.Release|x64.ActiveCfg = Release|Any CPU
		{4ECD5D06-54D2-494B-B8C0-4C7AE021B112}.Release|x64.Build.0 = Release|Any CPU
		{4ECD5D06-54D2-494B-B8C0-4C7AE021B112}.Release|x86.ActiveCfg = Release|Any CPU
		{4ECD5D06-54D2-494B-B8C0-4C7AE021B112}.Release|x86.Build.0 = Release|Any CPU
		{538343CF-5761-4F0C-95D4-E2B2B8A89242}.Debug|Any CPU.ActiveCfg = Debug|Any CPU
		{538343CF-5761-4F0C-95D4-E2B2B8A89242}.Debug|Any CPU.Build.0 = Debug|Any CPU
		{538343CF-5761-4F0C-95D4-E2B2B8A89242}.Debug|x64.ActiveCfg = Debug|Any CPU
		{538343CF-5761-4F0C-95D4-E2B2B8A89242}.Debug|x64.Build.0 = Debug|Any CPU
		{538343CF-5761-4F0C-95D4-E2B2B8A89242}.Debug|x86.ActiveCfg = Debug|Any CPU
		{538343CF-5761-4F0C-95D4-E2B2B8A89242}.Debug|x86.Build.0 = Debug|Any CPU
		{538343CF-5761-4F0C-95D4-E2B2B8A89242}.Release|Any CPU.ActiveCfg = Release|Any CPU
		{538343CF-5761-4F0C-95D4-E2B2B8A89242}.Release|Any CPU.Build.0 = Release|Any CPU
		{538343CF-5761-4F0C-95D4-E2B2B8A89242}.Release|x64.ActiveCfg = Release|Any CPU
		{538343CF-5761-4F0C-95D4-E2B2B8A89242}.Release|x64.Build.0 = Release|Any CPU
		{538343CF-5761-4F0C-95D4-E2B2B8A89242}.Release|x86.ActiveCfg = Release|Any CPU
		{538343CF-5761-4F0C-95D4-E2B2B8A89242}.Release|x86.Build.0 = Release|Any CPU
		{7B54F781-A0E2-4B5E-9FBE-4EC4B2D3A378}.Debug|Any CPU.ActiveCfg = Debug|Any CPU
		{7B54F781-A0E2-4B5E-9FBE-4EC4B2D3A378}.Debug|Any CPU.Build.0 = Debug|Any CPU
		{7B54F781-A0E2-4B5E-9FBE-4EC4B2D3A378}.Debug|x64.ActiveCfg = Debug|Any CPU
		{7B54F781-A0E2-4B5E-9FBE-4EC4B2D3A378}.Debug|x64.Build.0 = Debug|Any CPU
		{7B54F781-A0E2-4B5E-9FBE-4EC4B2D3A378}.Debug|x86.ActiveCfg = Debug|Any CPU
		{7B54F781-A0E2-4B5E-9FBE-4EC4B2D3A378}.Debug|x86.Build.0 = Debug|Any CPU
		{7B54F781-A0E2-4B5E-9FBE-4EC4B2D3A378}.Release|Any CPU.ActiveCfg = Release|Any CPU
		{7B54F781-A0E2-4B5E-9FBE-4EC4B2D3A378}.Release|Any CPU.Build.0 = Release|Any CPU
		{7B54F781-A0E2-4B5E-9FBE-4EC4B2D3A378}.Release|x64.ActiveCfg = Release|Any CPU
		{7B54F781-A0E2-4B5E-9FBE-4EC4B2D3A378}.Release|x64.Build.0 = Release|Any CPU
		{7B54F781-A0E2-4B5E-9FBE-4EC4B2D3A378}.Release|x86.ActiveCfg = Release|Any CPU
		{7B54F781-A0E2-4B5E-9FBE-4EC4B2D3A378}.Release|x86.Build.0 = Release|Any CPU
		{0DA20E45-E08B-4960-9453-B0663E0E672C}.Debug|Any CPU.ActiveCfg = Debug|Any CPU
		{0DA20E45-E08B-4960-9453-B0663E0E672C}.Debug|Any CPU.Build.0 = Debug|Any CPU
		{0DA20E45-E08B-4960-9453-B0663E0E672C}.Debug|x64.ActiveCfg = Debug|Any CPU
		{0DA20E45-E08B-4960-9453-B0663E0E672C}.Debug|x64.Build.0 = Debug|Any CPU
		{0DA20E45-E08B-4960-9453-B0663E0E672C}.Debug|x86.ActiveCfg = Debug|Any CPU
		{0DA20E45-E08B-4960-9453-B0663E0E672C}.Debug|x86.Build.0 = Debug|Any CPU
		{0DA20E45-E08B-4960-9453-B0663E0E672C}.Release|Any CPU.ActiveCfg = Release|Any CPU
		{0DA20E45-E08B-4960-9453-B0663E0E672C}.Release|Any CPU.Build.0 = Release|Any CPU
		{0DA20E45-E08B-4960-9453-B0663E0E672C}.Release|x64.ActiveCfg = Release|Any CPU
		{0DA20E45-E08B-4960-9453-B0663E0E672C}.Release|x64.Build.0 = Release|Any CPU
		{0DA20E45-E08B-4960-9453-B0663E0E672C}.Release|x86.ActiveCfg = Release|Any CPU
		{0DA20E45-E08B-4960-9453-B0663E0E672C}.Release|x86.Build.0 = Release|Any CPU
		{84A4CE82-7BBC-499B-9D02-1F267FFBFA63}.Debug|Any CPU.ActiveCfg = Debug|Any CPU
		{84A4CE82-7BBC-499B-9D02-1F267FFBFA63}.Debug|Any CPU.Build.0 = Debug|Any CPU
		{84A4CE82-7BBC-499B-9D02-1F267FFBFA63}.Debug|x64.ActiveCfg = Debug|Any CPU
		{84A4CE82-7BBC-499B-9D02-1F267FFBFA63}.Debug|x64.Build.0 = Debug|Any CPU
		{84A4CE82-7BBC-499B-9D02-1F267FFBFA63}.Debug|x86.ActiveCfg = Debug|Any CPU
		{84A4CE82-7BBC-499B-9D02-1F267FFBFA63}.Debug|x86.Build.0 = Debug|Any CPU
		{84A4CE82-7BBC-499B-9D02-1F267FFBFA63}.Release|Any CPU.ActiveCfg = Release|Any CPU
		{84A4CE82-7BBC-499B-9D02-1F267FFBFA63}.Release|Any CPU.Build.0 = Release|Any CPU
		{84A4CE82-7BBC-499B-9D02-1F267FFBFA63}.Release|x64.ActiveCfg = Release|Any CPU
		{84A4CE82-7BBC-499B-9D02-1F267FFBFA63}.Release|x64.Build.0 = Release|Any CPU
		{84A4CE82-7BBC-499B-9D02-1F267FFBFA63}.Release|x86.ActiveCfg = Release|Any CPU
		{84A4CE82-7BBC-499B-9D02-1F267FFBFA63}.Release|x86.Build.0 = Release|Any CPU
		{BFE8E239-1914-4898-A9F4-9ECD587379BA}.Debug|Any CPU.ActiveCfg = Debug|Any CPU
		{BFE8E239-1914-4898-A9F4-9ECD587379BA}.Debug|Any CPU.Build.0 = Debug|Any CPU
		{BFE8E239-1914-4898-A9F4-9ECD587379BA}.Debug|x64.ActiveCfg = Debug|Any CPU
		{BFE8E239-1914-4898-A9F4-9ECD587379BA}.Debug|x64.Build.0 = Debug|Any CPU
		{BFE8E239-1914-4898-A9F4-9ECD587379BA}.Debug|x86.ActiveCfg = Debug|Any CPU
		{BFE8E239-1914-4898-A9F4-9ECD587379BA}.Debug|x86.Build.0 = Debug|Any CPU
		{BFE8E239-1914-4898-A9F4-9ECD587379BA}.Release|Any CPU.ActiveCfg = Release|Any CPU
		{BFE8E239-1914-4898-A9F4-9ECD587379BA}.Release|Any CPU.Build.0 = Release|Any CPU
		{BFE8E239-1914-4898-A9F4-9ECD587379BA}.Release|x64.ActiveCfg = Release|Any CPU
		{BFE8E239-1914-4898-A9F4-9ECD587379BA}.Release|x64.Build.0 = Release|Any CPU
		{BFE8E239-1914-4898-A9F4-9ECD587379BA}.Release|x86.ActiveCfg = Release|Any CPU
		{BFE8E239-1914-4898-A9F4-9ECD587379BA}.Release|x86.Build.0 = Release|Any CPU
		{CC45E253-7215-4EBF-A3FE-A3F9557C60E1}.Debug|Any CPU.ActiveCfg = Debug|Any CPU
		{CC45E253-7215-4EBF-A3FE-A3F9557C60E1}.Debug|Any CPU.Build.0 = Debug|Any CPU
		{CC45E253-7215-4EBF-A3FE-A3F9557C60E1}.Debug|x64.ActiveCfg = Debug|Any CPU
		{CC45E253-7215-4EBF-A3FE-A3F9557C60E1}.Debug|x64.Build.0 = Debug|Any CPU
		{CC45E253-7215-4EBF-A3FE-A3F9557C60E1}.Debug|x86.ActiveCfg = Debug|Any CPU
		{CC45E253-7215-4EBF-A3FE-A3F9557C60E1}.Debug|x86.Build.0 = Debug|Any CPU
		{CC45E253-7215-4EBF-A3FE-A3F9557C60E1}.Release|Any CPU.ActiveCfg = Release|Any CPU
		{CC45E253-7215-4EBF-A3FE-A3F9557C60E1}.Release|Any CPU.Build.0 = Release|Any CPU
		{CC45E253-7215-4EBF-A3FE-A3F9557C60E1}.Release|x64.ActiveCfg = Release|Any CPU
		{CC45E253-7215-4EBF-A3FE-A3F9557C60E1}.Release|x64.Build.0 = Release|Any CPU
		{CC45E253-7215-4EBF-A3FE-A3F9557C60E1}.Release|x86.ActiveCfg = Release|Any CPU
		{CC45E253-7215-4EBF-A3FE-A3F9557C60E1}.Release|x86.Build.0 = Release|Any CPU
		{AE108DEA-A94C-4B42-82C0-BD6BAAB948C6}.Debug|Any CPU.ActiveCfg = Debug|Any CPU
		{AE108DEA-A94C-4B42-82C0-BD6BAAB948C6}.Debug|Any CPU.Build.0 = Debug|Any CPU
		{AE108DEA-A94C-4B42-82C0-BD6BAAB948C6}.Debug|x64.ActiveCfg = Debug|Any CPU
		{AE108DEA-A94C-4B42-82C0-BD6BAAB948C6}.Debug|x64.Build.0 = Debug|Any CPU
		{AE108DEA-A94C-4B42-82C0-BD6BAAB948C6}.Debug|x86.ActiveCfg = Debug|Any CPU
		{AE108DEA-A94C-4B42-82C0-BD6BAAB948C6}.Debug|x86.Build.0 = Debug|Any CPU
		{AE108DEA-A94C-4B42-82C0-BD6BAAB948C6}.Release|Any CPU.ActiveCfg = Release|Any CPU
		{AE108DEA-A94C-4B42-82C0-BD6BAAB948C6}.Release|Any CPU.Build.0 = Release|Any CPU
		{AE108DEA-A94C-4B42-82C0-BD6BAAB948C6}.Release|x64.ActiveCfg = Release|Any CPU
		{AE108DEA-A94C-4B42-82C0-BD6BAAB948C6}.Release|x64.Build.0 = Release|Any CPU
		{AE108DEA-A94C-4B42-82C0-BD6BAAB948C6}.Release|x86.ActiveCfg = Release|Any CPU
		{AE108DEA-A94C-4B42-82C0-BD6BAAB948C6}.Release|x86.Build.0 = Release|Any CPU
		{DAEFFA04-3D81-42B9-9EB4-531572C3D82A}.Debug|Any CPU.ActiveCfg = Debug|Any CPU
		{DAEFFA04-3D81-42B9-9EB4-531572C3D82A}.Debug|Any CPU.Build.0 = Debug|Any CPU
		{DAEFFA04-3D81-42B9-9EB4-531572C3D82A}.Debug|x64.ActiveCfg = Debug|Any CPU
		{DAEFFA04-3D81-42B9-9EB4-531572C3D82A}.Debug|x64.Build.0 = Debug|Any CPU
		{DAEFFA04-3D81-42B9-9EB4-531572C3D82A}.Debug|x86.ActiveCfg = Debug|Any CPU
		{DAEFFA04-3D81-42B9-9EB4-531572C3D82A}.Debug|x86.Build.0 = Debug|Any CPU
		{DAEFFA04-3D81-42B9-9EB4-531572C3D82A}.Release|Any CPU.ActiveCfg = Release|Any CPU
		{DAEFFA04-3D81-42B9-9EB4-531572C3D82A}.Release|Any CPU.Build.0 = Release|Any CPU
		{DAEFFA04-3D81-42B9-9EB4-531572C3D82A}.Release|x64.ActiveCfg = Release|Any CPU
		{DAEFFA04-3D81-42B9-9EB4-531572C3D82A}.Release|x64.Build.0 = Release|Any CPU
		{DAEFFA04-3D81-42B9-9EB4-531572C3D82A}.Release|x86.ActiveCfg = Release|Any CPU
		{DAEFFA04-3D81-42B9-9EB4-531572C3D82A}.Release|x86.Build.0 = Release|Any CPU
	EndGlobalSection
	GlobalSection(SolutionProperties) = preSolution
		HideSolutionNode = FALSE
	EndGlobalSection
	GlobalSection(ExtensibilityGlobals) = postSolution
		SolutionGuid = {4258C7B8-9020-4D95-97A7-41944D384583}
	EndGlobalSection
EndGlobal
